
Microsoft Visual Studio Solution File, Format Version 12.00
# Visual Studio Version 16
VisualStudioVersion = 16.0.32002.261
MinimumVisualStudioVersion = 10.0.40219.1
Project("{FAE04EC0-301F-11D3-BF4B-00C04F79EFBC}") = "Questionnaire202204", "Questionnaire202204\Questionnaire202204.csproj", "{2A4DC37A-F5C9-4073-B5FB-5EE2B8B552EB}"
EndProject
Global
	GlobalSection(SolutionConfigurationPlatforms) = preSolution
		Debug|Any CPU = Debug|Any CPU
		Release|Any CPU = Release|Any CPU
	EndGlobalSection
	GlobalSection(ProjectConfigurationPlatforms) = postSolution
		{2A4DC37A-F5C9-4073-B5FB-5EE2B8B552EB}.Debug|Any CPU.ActiveCfg = Debug|Any CPU
		{2A4DC37A-F5C9-4073-B5FB-5EE2B8B552EB}.Debug|Any CPU.Build.0 = Debug|Any CPU
		{2A4DC37A-F5C9-4073-B5FB-5EE2B8B552EB}.Release|Any CPU.ActiveCfg = Release|Any CPU
		{2A4DC37A-F5C9-4073-B5FB-5EE2B8B552EB}.Release|Any CPU.Build.0 = Release|Any CPU
	EndGlobalSection
	GlobalSection(SolutionProperties) = preSolution
		HideSolutionNode = FALSE
	EndGlobalSection
	GlobalSection(ExtensibilityGlobals) = postSolution
		SolutionGuid = {A459CED5-E2E2-4395-A295-EF8DF2B6D0CB}
	EndGlobalSection
EndGlobal
